Microsoft Visual Studio Solution File, Format Version 12.00
# Visual Studio Version 17
VisualStudioVersion = 17.3.32922.545
MinimumVisualStudioVersion = 10.0.40219.1
Project("{9A19103F-16F7-4668-BE54-9A1E7A4F7556}") = "GlazeWM.Domain", "GlazeWM.Domain\GlazeWM.Domain.csproj", "{D7741551-9A1D-4357-9571-991C6FDB1906}"
EndProject
Project("{9A19103F-16F7-4668-BE54-9A1E7A4F7556}") = "GlazeWM.Bar", "GlazeWM.Bar\GlazeWM.Bar.csproj", "{F038C06D-2085-40EA-AEE9-A517231656FC}"
EndProject
Project("{9A19103F-16F7-4668-BE54-9A1E7A4F7556}") = "GlazeWM.Infrastructure", "GlazeWM.Infrastructure\GlazeWM.Infrastructure.csproj", "{9FA1F058-7ED2-4BC3-B3BC-C8C43B3C62C5}"
EndProject
Project("{9A19103F-16F7-4668-BE54-9A1E7A4F7556}") = "GlazeWM.App", "GlazeWM.App\GlazeWM.App.csproj", "{86A11BD4-B17A-4422-9D3A-D2516A730BFE}"
EndProject
Project("{9A19103F-16F7-4668-BE54-9A1E7A4F7556}") = "GlazeWM.App.IpcServer", "GlazeWM.App.IpcServer\GlazeWM.App.IpcServer.csproj", "{BBD11CB5-FDF2-4BD5-B3F6-8B75BC3AFD79}"
EndProject
Project("{2150E333-8FDC-42A3-9474-1A3956D46DE8}") = "Solution Items", "Solution Items", "{877CCE5C-94A9-4CE4-8A29-164179ADE9D3}"
	ProjectSection(SolutionItems) = preProject
		.editorconfig = .editorconfig
	EndProjectSection
EndProject
Project("{FAE04EC0-301F-11D3-BF4B-00C04F79EFBC}") = "GlazeWM.App.WindowManager", "GlazeWM.App.WindowManager\GlazeWM.App.WindowManager.csproj", "{D160D151-C030-4A0E-A805-6E28B533F03F}"
EndProject
Project("{FAE04EC0-301F-11D3-BF4B-00C04F79EFBC}") = "GlazeWM.App.Cli", "GlazeWM.App.Cli\GlazeWM.App.Cli.csproj", "{BC6D71E7-8D01-4627-A3C9-2B6B9186A36E}"
EndProject
Global
	GlobalSection(SolutionConfigurationPlatforms) = preSolution
		Debug|Any CPU = Debug|Any CPU
		Release|Any CPU = Release|Any CPU
	EndGlobalSection
	GlobalSection(ProjectConfigurationPlatforms) = postSolution
		{D7741551-9A1D-4357-9571-991C6FDB1906}.Debug|Any CPU.ActiveCfg = Debug|Any CPU
		{D7741551-9A1D-4357-9571-991C6FDB1906}.Debug|Any CPU.Build.0 = Debug|Any CPU
		{D7741551-9A1D-4357-9571-991C6FDB1906}.Release|Any CPU.ActiveCfg = Release|Any CPU
		{D7741551-9A1D-4357-9571-991C6FDB1906}.Release|Any CPU.Build.0 = Release|Any CPU
		{F038C06D-2085-40EA-AEE9-A517231656FC}.Debug|Any CPU.ActiveCfg = Debug|Any CPU
		{F038C06D-2085-40EA-AEE9-A517231656FC}.Debug|Any CPU.Build.0 = Debug|Any CPU
		{F038C06D-2085-40EA-AEE9-A517231656FC}.Release|Any CPU.ActiveCfg = Release|Any CPU
		{F038C06D-2085-40EA-AEE9-A517231656FC}.Release|Any CPU.Build.0 = Release|Any CPU
		{9FA1F058-7ED2-4BC3-B3BC-C8C43B3C62C5}.Debug|Any CPU.ActiveCfg = Debug|Any CPU
		{9FA1F058-7ED2-4BC3-B3BC-C8C43B3C62C5}.Debug|Any CPU.Build.0 = Debug|Any CPU
		{9FA1F058-7ED2-4BC3-B3BC-C8C43B3C62C5}.Release|Any CPU.ActiveCfg = Release|Any CPU
		{9FA1F058-7ED2-4BC3-B3BC-C8C43B3C62C5}.Release|Any CPU.Build.0 = Release|Any CPU
		{86A11BD4-B17A-4422-9D3A-D2516A730BFE}.Debug|Any CPU.ActiveCfg = Debug|Any CPU
		{86A11BD4-B17A-4422-9D3A-D2516A730BFE}.Debug|Any CPU.Build.0 = Debug|Any CPU
		{86A11BD4-B17A-4422-9D3A-D2516A730BFE}.Release|Any CPU.ActiveCfg = Release|Any CPU
		{86A11BD4-B17A-4422-9D3A-D2516A730BFE}.Release|Any CPU.Build.0 = Release|Any CPU
		{BBD11CB5-FDF2-4BD5-B3F6-8B75BC3AFD79}.Debug|Any CPU.ActiveCfg = Debug|Any CPU
		{BBD11CB5-FDF2-4BD5-B3F6-8B75BC3AFD79}.Debug|Any CPU.Build.0 = Debug|Any CPU
		{BBD11CB5-FDF2-4BD5-B3F6-8B75BC3AFD79}.Release|Any CPU.ActiveCfg = Release|Any CPU
		{BBD11CB5-FDF2-4BD5-B3F6-8B75BC3AFD79}.Release|Any CPU.Build.0 = Release|Any CPU
		{D160D151-C030-4A0E-A805-6E28B533F03F}.Debug|Any CPU.ActiveCfg = Debug|Any CPU
		{D160D151-C030-4A0E-A805-6E28B533F03F}.Debug|Any CPU.Build.0 = Debug|Any CPU
		{D160D151-C030-4A0E-A805-6E28B533F03F}.Release|Any CPU.ActiveCfg = Release|Any CPU
		{D160D151-C030-4A0E-A805-6E28B533F03F}.Release|Any CPU.Build.0 = Release|Any CPU
		{BC6D71E7-8D01-4627-A3C9-2B6B9186A36E}.Debug|Any CPU.ActiveCfg = Debug|Any CPU
		{BC6D71E7-8D01-4627-A3C9-2B6B9186A36E}.Debug|Any CPU.Build.0 = Debug|Any CPU
		{BC6D71E7-8D01-4627-A3C9-2B6B9186A36E}.Release|Any CPU.ActiveCfg = Release|Any CPU
		{BC6D71E7-8D01-4627-A3C9-2B6B9186A36E}.Release|Any CPU.Build.0 = Release|Any CPU
	EndGlobalSection
	GlobalSection(SolutionProperties) = preSolution
		HideSolutionNode = FALSE
	EndGlobalSection
	GlobalSection(ExtensibilityGlobals) = postSolution
		SolutionGuid = {90AFACCD-B199-4A1E-B14E-5DA783E09D17}
	EndGlobalSection
EndGlobal
