
Microsoft Visual Studio Solution File, Format Version 12.00
# Visual Studio Version 16
VisualStudioVersion = 16.0.29613.14
MinimumVisualStudioVersion = 10.0.40219.1
Project("{9A19103F-16F7-4668-BE54-9A1E7A4F7556}") = "LarsWM.Domain", "LarsWM.Domain\LarsWM.Domain.csproj", "{D7741551-9A1D-4357-9571-991C6FDB1906}"
EndProject
Project("{9A19103F-16F7-4668-BE54-9A1E7A4F7556}") = "LarsWM.Bar", "LarsWM.Bar\LarsWM.Bar.csproj", "{F038C06D-2085-40EA-AEE9-A517231656FC}"
EndProject
Project("{9A19103F-16F7-4668-BE54-9A1E7A4F7556}") = "LarsWM.Infrastructure", "LarsWM.Infrastructure\LarsWM.Infrastructure.csproj", "{9FA1F058-7ED2-4BC3-B3BC-C8C43B3C62C5}"
EndProject
Project("{FAE04EC0-301F-11D3-BF4B-00C04F79EFBC}") = "LarsWM.Bootstrapper", "LarsWM.Bootstrapper\LarsWM.Bootstrapper.csproj", "{86A11BD4-B17A-4422-9D3A-D2516A730BFE}"
EndProject
Global
	GlobalSection(SolutionConfigurationPlatforms) = preSolution
		Debug|Any CPU = Debug|Any CPU
		Release|Any CPU = Release|Any CPU
	EndGlobalSection
	GlobalSection(ProjectConfigurationPlatforms) = postSolution
		{D7741551-9A1D-4357-9571-991C6FDB1906}.Debug|Any CPU.ActiveCfg = Debug|Any CPU
		{D7741551-9A1D-4357-9571-991C6FDB1906}.Debug|Any CPU.Build.0 = Debug|Any CPU
		{D7741551-9A1D-4357-9571-991C6FDB1906}.Release|Any CPU.ActiveCfg = Release|Any CPU
		{D7741551-9A1D-4357-9571-991C6FDB1906}.Release|Any CPU.Build.0 = Release|Any CPU
		{F038C06D-2085-40EA-AEE9-A517231656FC}.Debug|Any CPU.ActiveCfg = Debug|Any CPU
		{F038C06D-2085-40EA-AEE9-A517231656FC}.Debug|Any CPU.Build.0 = Debug|Any CPU
		{F038C06D-2085-40EA-AEE9-A517231656FC}.Release|Any CPU.ActiveCfg = Release|Any CPU
		{F038C06D-2085-40EA-AEE9-A517231656FC}.Release|Any CPU.Build.0 = Release|Any CPU
		{9FA1F058-7ED2-4BC3-B3BC-C8C43B3C62C5}.Debug|Any CPU.ActiveCfg = Debug|Any CPU
		{9FA1F058-7ED2-4BC3-B3BC-C8C43B3C62C5}.Debug|Any CPU.Build.0 = Debug|Any CPU
		{9FA1F058-7ED2-4BC3-B3BC-C8C43B3C62C5}.Release|Any CPU.ActiveCfg = Release|Any CPU
		{9FA1F058-7ED2-4BC3-B3BC-C8C43B3C62C5}.Release|Any CPU.Build.0 = Release|Any CPU
		{86A11BD4-B17A-4422-9D3A-D2516A730BFE}.Debug|Any CPU.ActiveCfg = Debug|Any CPU
		{86A11BD4-B17A-4422-9D3A-D2516A730BFE}.Debug|Any CPU.Build.0 = Debug|Any CPU
		{86A11BD4-B17A-4422-9D3A-D2516A730BFE}.Release|Any CPU.ActiveCfg = Release|Any CPU
		{86A11BD4-B17A-4422-9D3A-D2516A730BFE}.Release|Any CPU.Build.0 = Release|Any CPU
	EndGlobalSection
	GlobalSection(SolutionProperties) = preSolution
		HideSolutionNode = FALSE
	EndGlobalSection
	GlobalSection(ExtensibilityGlobals) = postSolution
		SolutionGuid = {90AFACCD-B199-4A1E-B14E-5DA783E09D17}
	EndGlobalSection
EndGlobal
